
Microsoft Visual Studio Solution File, Format Version 12.00
# Visual Studio Version 16
VisualStudioVersion = 16.0.31321.278
MinimumVisualStudioVersion = 10.0.40219.1
Project("{FAE04EC0-301F-11D3-BF4B-00C04F79EFBC}") = "App", "App\App.csproj", "{B51954A8-210A-4F5B-A9F1-5D7D60D22BC9}"
EndProject
Global
	GlobalSection(SolutionConfigurationPlatforms) = preSolution
		Debug|Any CPU = Debug|Any CPU
		Release|Any CPU = Release|Any CPU
	EndGlobalSection
	GlobalSection(ProjectConfigurationPlatforms) = postSolution
		{B51954A8-210A-4F5B-A9F1-5D7D60D22BC9}.Debug|Any CPU.ActiveCfg = Debug|Any CPU
		{B51954A8-210A-4F5B-A9F1-5D7D60D22BC9}.Debug|Any CPU.Build.0 = Debug|Any CPU
		{B51954A8-210A-4F5B-A9F1-5D7D60D22BC9}.Release|Any CPU.ActiveCfg = Release|Any CPU
		{B51954A8-210A-4F5B-A9F1-5D7D60D22BC9}.Release|Any CPU.Build.0 = Release|Any CPU
	EndGlobalSection
	GlobalSection(SolutionProperties) = preSolution
		HideSolutionNode = FALSE
	EndGlobalSection
	GlobalSection(ExtensibilityGlobals) = postSolution
		SolutionGuid = {7DFA59EB-02F3-402C-B34F-E0E3C4AEBC0F}
	EndGlobalSection
EndGlobal
